{
  "name": "ajs-homeworks_platforms_using-library-for-node",
  "version": "1.0.0",
  "lockfileVersion": 3,
  "requires": true,
  "packages": {
    "": {
      "name": "ajs-homeworks_platforms_using-library-for-node",
      "version": "1.0.0",
      "license": "ISC",
      "dependencies": {
        "@katrina-l/ajs-homeworks_platforms_library-and-node": "^1.0.0"
      }
    },
    "node_modules/@katrina-l/ajs-homeworks_platforms_library-and-node": {
      "version": "1.0.0",
      "resolved": "https://npm.pkg.github.com/download/@katrina-l/ajs-homeworks_platforms_library-and-node/1.0.0/915898cc887525dc40dd1a061d6ee07bc2575829",
      "integrity": "sha512-XyFVXiNKNH7GvSIyw++9FMLrrJTFg2s4sat4AlVkbL5VloOMwyS9lHP4EHhIaBiyHRYTbRPEp9cO6OM/R+f0tg==",
      "license": "ISC"
    }
  }
}
